
Microsoft Visual Studio Solution File, Format Version 12.00
Project("{FAE04EC0-301F-11D3-BF4B-00C04F79EFBC}") = "STAIExtensions", "STAIExtensions\STAIExtensions.csproj", "{BE39E5A4-BC6E-4517-9E7A-EF91260AE6EE}"
EndProject
Project("{FAE04EC0-301F-11D3-BF4B-00C04F79EFBC}") = "STAIExtensions.Core", "STAIExtensions.Core\STAIExtensions.Core.csproj", "{0CFC2C0D-7A28-4BCE-80A1-55FB7E445B7A}"
EndProject
Project("{FAE04EC0-301F-11D3-BF4B-00C04F79EFBC}") = "STAIExtensions.Abstractions", "STAIExtensions.Abstractions\STAIExtensions.Abstractions.csproj", "{F5E30548-B6BF-42B2-B46D-C4D0CE120161}"
EndProject
Project("{FAE04EC0-301F-11D3-BF4B-00C04F79EFBC}") = "STAIExtensions.Core.Tests", "STAIExtensions.Core.Tests\STAIExtensions.Core.Tests.csproj", "{F43EB927-CB41-4FAC-8D14-38AE0F48B711}"
EndProject
Project("{FAE04EC0-301F-11D3-BF4B-00C04F79EFBC}") = "STAIExtensions.Service", "STAIExtensions.Service\STAIExtensions.Service.csproj", "{106101A7-763E-48B0-81BE-65B4B6D5EA65}"
EndProject
Project("{FAE04EC0-301F-11D3-BF4B-00C04F79EFBC}") = "STAIExtensions.Data.AzureDataExplorer", "STAIExtensions.Data.AzureDataExplorer\STAIExtensions.Data.AzureDataExplorer.csproj", "{C0742921-6EEC-4CBD-A966-9E7BB5C1A8F4}"
EndProject
Project("{FAE04EC0-301F-11D3-BF4B-00C04F79EFBC}") = "STAIExtensions.Data.AzureDataExplorer.Tests", "STAIExtensions.Data.AzureDataExplorer.Tests\STAIExtensions.Data.AzureDataExplorer.Tests.csproj", "{9F2F46F4-19E4-49C9-B8EC-943FEE010754}"
EndProject
Project("{FAE04EC0-301F-11D3-BF4B-00C04F79EFBC}") = "STAIExtensions.Host.SignalR", "STAIExtensions.Host.SignalR\STAIExtensions.Host.SignalR.csproj", "{5AA60EBD-DD59-469F-81E9-E77796C7BE1D}"
EndProject
Project("{FAE04EC0-301F-11D3-BF4B-00C04F79EFBC}") = "STAIExtensions.Host.Grpc", "STAIExtensions.Host.Grpc\STAIExtensions.Host.Grpc.csproj", "{B74E9566-7A29-4325-8042-2B0B11B03A27}"
EndProject
Project("{FAE04EC0-301F-11D3-BF4B-00C04F79EFBC}") = "STAIExtensions.Host.Api", "STAIExtensions.Host.Api\STAIExtensions.Host.Api.csproj", "{92306A5C-14BE-4911-8609-2C03C266894C}"
EndProject
Project("{FAE04EC0-301F-11D3-BF4B-00C04F79EFBC}") = "STAIExtensions.Host", "STAIExtensions.Host\STAIExtensions.Host.csproj", "{0F5F1AA8-D86B-4BA1-8B4A-0850DCEF8D7E}"
EndProject
Project("{FAE04EC0-301F-11D3-BF4B-00C04F79EFBC}") = "WebApplication1", "WebApplication1\WebApplication1.csproj", "{97219EED-BF8D-4534-B8B7-6012A424A3A3}"
EndProject
Project("{FAE04EC0-301F-11D3-BF4B-00C04F79EFBC}") = "STAIExtensions.Default", "STAIExtensions.Default\STAIExtensions.Default.csproj", "{0BDBE54C-8661-4091-8D29-2645DD70BDAA}"
EndProject
Project("{FAE04EC0-301F-11D3-BF4B-00C04F79EFBC}") = "STAIExtensions.Default.Tests", "STAIExtensions.Default.Tests\STAIExtensions.Default.Tests.csproj", "{6254E362-4282-436E-97E6-452186BA7247}"
EndProject
Project("{FAE04EC0-301F-11D3-BF4B-00C04F79EFBC}") = "STAIExtensions.Host.Grpc.Client", "STAIExtensions.Host.Grpc.Client\STAIExtensions.Host.Grpc.Client.csproj", "{93513653-234E-450B-8088-D5D6C982F782}"
EndProject
Global
	GlobalSection(SolutionConfigurationPlatforms) = preSolution
		Debug|Any CPU = Debug|Any CPU
		Release|Any CPU = Release|Any CPU
	EndGlobalSection
	GlobalSection(ProjectConfigurationPlatforms) = postSolution
		{BE39E5A4-BC6E-4517-9E7A-EF91260AE6EE}.Debug|Any CPU.ActiveCfg = Debug|Any CPU
		{BE39E5A4-BC6E-4517-9E7A-EF91260AE6EE}.Debug|Any CPU.Build.0 = Debug|Any CPU
		{BE39E5A4-BC6E-4517-9E7A-EF91260AE6EE}.Release|Any CPU.ActiveCfg = Release|Any CPU
		{BE39E5A4-BC6E-4517-9E7A-EF91260AE6EE}.Release|Any CPU.Build.0 = Release|Any CPU
		{0CFC2C0D-7A28-4BCE-80A1-55FB7E445B7A}.Debug|Any CPU.ActiveCfg = Debug|Any CPU
		{0CFC2C0D-7A28-4BCE-80A1-55FB7E445B7A}.Debug|Any CPU.Build.0 = Debug|Any CPU
		{0CFC2C0D-7A28-4BCE-80A1-55FB7E445B7A}.Release|Any CPU.ActiveCfg = Release|Any CPU
		{0CFC2C0D-7A28-4BCE-80A1-55FB7E445B7A}.Release|Any CPU.Build.0 = Release|Any CPU
		{F5E30548-B6BF-42B2-B46D-C4D0CE120161}.Debug|Any CPU.ActiveCfg = Debug|Any CPU
		{F5E30548-B6BF-42B2-B46D-C4D0CE120161}.Debug|Any CPU.Build.0 = Debug|Any CPU
		{F5E30548-B6BF-42B2-B46D-C4D0CE120161}.Release|Any CPU.ActiveCfg = Release|Any CPU
		{F5E30548-B6BF-42B2-B46D-C4D0CE120161}.Release|Any CPU.Build.0 = Release|Any CPU
		{F43EB927-CB41-4FAC-8D14-38AE0F48B711}.Debug|Any CPU.ActiveCfg = Debug|Any CPU
		{F43EB927-CB41-4FAC-8D14-38AE0F48B711}.Debug|Any CPU.Build.0 = Debug|Any CPU
		{F43EB927-CB41-4FAC-8D14-38AE0F48B711}.Release|Any CPU.ActiveCfg = Release|Any CPU
		{F43EB927-CB41-4FAC-8D14-38AE0F48B711}.Release|Any CPU.Build.0 = Release|Any CPU
		{106101A7-763E-48B0-81BE-65B4B6D5EA65}.Debug|Any CPU.ActiveCfg = Debug|Any CPU
		{106101A7-763E-48B0-81BE-65B4B6D5EA65}.Debug|Any CPU.Build.0 = Debug|Any CPU
		{106101A7-763E-48B0-81BE-65B4B6D5EA65}.Release|Any CPU.ActiveCfg = Release|Any CPU
		{106101A7-763E-48B0-81BE-65B4B6D5EA65}.Release|Any CPU.Build.0 = Release|Any CPU
		{C0742921-6EEC-4CBD-A966-9E7BB5C1A8F4}.Debug|Any CPU.ActiveCfg = Debug|Any CPU
		{C0742921-6EEC-4CBD-A966-9E7BB5C1A8F4}.Debug|Any CPU.Build.0 = Debug|Any CPU
		{C0742921-6EEC-4CBD-A966-9E7BB5C1A8F4}.Release|Any CPU.ActiveCfg = Release|Any CPU
		{C0742921-6EEC-4CBD-A966-9E7BB5C1A8F4}.Release|Any CPU.Build.0 = Release|Any CPU
		{9F2F46F4-19E4-49C9-B8EC-943FEE010754}.Debug|Any CPU.ActiveCfg = Debug|Any CPU
		{9F2F46F4-19E4-49C9-B8EC-943FEE010754}.Debug|Any CPU.Build.0 = Debug|Any CPU
		{9F2F46F4-19E4-49C9-B8EC-943FEE010754}.Release|Any CPU.ActiveCfg = Release|Any CPU
		{9F2F46F4-19E4-49C9-B8EC-943FEE010754}.Release|Any CPU.Build.0 = Release|Any CPU
		{5AA60EBD-DD59-469F-81E9-E77796C7BE1D}.Debug|Any CPU.ActiveCfg = Debug|Any CPU
		{5AA60EBD-DD59-469F-81E9-E77796C7BE1D}.Debug|Any CPU.Build.0 = Debug|Any CPU
		{5AA60EBD-DD59-469F-81E9-E77796C7BE1D}.Release|Any CPU.ActiveCfg = Release|Any CPU
		{5AA60EBD-DD59-469F-81E9-E77796C7BE1D}.Release|Any CPU.Build.0 = Release|Any CPU
		{B74E9566-7A29-4325-8042-2B0B11B03A27}.Debug|Any CPU.ActiveCfg = Debug|Any CPU
		{B74E9566-7A29-4325-8042-2B0B11B03A27}.Debug|Any CPU.Build.0 = Debug|Any CPU
		{B74E9566-7A29-4325-8042-2B0B11B03A27}.Release|Any CPU.ActiveCfg = Release|Any CPU
		{B74E9566-7A29-4325-8042-2B0B11B03A27}.Release|Any CPU.Build.0 = Release|Any CPU
		{92306A5C-14BE-4911-8609-2C03C266894C}.Debug|Any CPU.ActiveCfg = Debug|Any CPU
		{92306A5C-14BE-4911-8609-2C03C266894C}.Debug|Any CPU.Build.0 = Debug|Any CPU
		{92306A5C-14BE-4911-8609-2C03C266894C}.Release|Any CPU.ActiveCfg = Release|Any CPU
		{92306A5C-14BE-4911-8609-2C03C266894C}.Release|Any CPU.Build.0 = Release|Any CPU
		{0F5F1AA8-D86B-4BA1-8B4A-0850DCEF8D7E}.Debug|Any CPU.ActiveCfg = Debug|Any CPU
		{0F5F1AA8-D86B-4BA1-8B4A-0850DCEF8D7E}.Debug|Any CPU.Build.0 = Debug|Any CPU
		{0F5F1AA8-D86B-4BA1-8B4A-0850DCEF8D7E}.Release|Any CPU.ActiveCfg = Release|Any CPU
		{0F5F1AA8-D86B-4BA1-8B4A-0850DCEF8D7E}.Release|Any CPU.Build.0 = Release|Any CPU
		{97219EED-BF8D-4534-B8B7-6012A424A3A3}.Debug|Any CPU.ActiveCfg = Debug|Any CPU
		{97219EED-BF8D-4534-B8B7-6012A424A3A3}.Debug|Any CPU.Build.0 = Debug|Any CPU
		{97219EED-BF8D-4534-B8B7-6012A424A3A3}.Release|Any CPU.ActiveCfg = Release|Any CPU
		{97219EED-BF8D-4534-B8B7-6012A424A3A3}.Release|Any CPU.Build.0 = Release|Any CPU
		{0BDBE54C-8661-4091-8D29-2645DD70BDAA}.Debug|Any CPU.ActiveCfg = Debug|Any CPU
		{0BDBE54C-8661-4091-8D29-2645DD70BDAA}.Debug|Any CPU.Build.0 = Debug|Any CPU
		{0BDBE54C-8661-4091-8D29-2645DD70BDAA}.Release|Any CPU.ActiveCfg = Release|Any CPU
		{0BDBE54C-8661-4091-8D29-2645DD70BDAA}.Release|Any CPU.Build.0 = Release|Any CPU
		{6254E362-4282-436E-97E6-452186BA7247}.Debug|Any CPU.ActiveCfg = Debug|Any CPU
		{6254E362-4282-436E-97E6-452186BA7247}.Debug|Any CPU.Build.0 = Debug|Any CPU
		{6254E362-4282-436E-97E6-452186BA7247}.Release|Any CPU.ActiveCfg = Release|Any CPU
		{6254E362-4282-436E-97E6-452186BA7247}.Release|Any CPU.Build.0 = Release|Any CPU
		{93513653-234E-450B-8088-D5D6C982F782}.Debug|Any CPU.ActiveCfg = Debug|Any CPU
		{93513653-234E-450B-8088-D5D6C982F782}.Debug|Any CPU.Build.0 = Debug|Any CPU
		{93513653-234E-450B-8088-D5D6C982F782}.Release|Any CPU.ActiveCfg = Release|Any CPU
		{93513653-234E-450B-8088-D5D6C982F782}.Release|Any CPU.Build.0 = Release|Any CPU
	EndGlobalSection
EndGlobal
