
Microsoft Visual Studio Solution File, Format Version 12.00
Project("{FAE04EC0-301F-11D3-BF4B-00C04F79EFBC}") = "STAIExtensions", "STAIExtensions\STAIExtensions.csproj", "{BE39E5A4-BC6E-4517-9E7A-EF91260AE6EE}"
EndProject
Project("{FAE04EC0-301F-11D3-BF4B-00C04F79EFBC}") = "STAIExtensions.Core", "STAIExtensions.Core\STAIExtensions.Core.csproj", "{0CFC2C0D-7A28-4BCE-80A1-55FB7E445B7A}"
EndProject
Project("{FAE04EC0-301F-11D3-BF4B-00C04F79EFBC}") = "STAIExtensions.Abstractions", "STAIExtensions.Abstractions\STAIExtensions.Abstractions.csproj", "{F5E30548-B6BF-42B2-B46D-C4D0CE120161}"
EndProject
Project("{FAE04EC0-301F-11D3-BF4B-00C04F79EFBC}") = "STAIExtensions.Core.Tests", "STAIExtensions.Core.Tests\STAIExtensions.Core.Tests.csproj", "{F43EB927-CB41-4FAC-8D14-38AE0F48B711}"
EndProject
Project("{FAE04EC0-301F-11D3-BF4B-00C04F79EFBC}") = "STAIExtensions.Service", "STAIExtensions.Service\STAIExtensions.Service.csproj", "{106101A7-763E-48B0-81BE-65B4B6D5EA65}"
EndProject
Project("{FAE04EC0-301F-11D3-BF4B-00C04F79EFBC}") = "STAIExtensions.Data.AzureDataExplorer", "STAIExtensions.Data.AzureDataExplorer\STAIExtensions.Data.AzureDataExplorer.csproj", "{C0742921-6EEC-4CBD-A966-9E7BB5C1A8F4}"
EndProject
Project("{FAE04EC0-301F-11D3-BF4B-00C04F79EFBC}") = "STAIExtensions.Data.AzureDataExplorer.Tests", "STAIExtensions.Data.AzureDataExplorer.Tests\STAIExtensions.Data.AzureDataExplorer.Tests.csproj", "{9F2F46F4-19E4-49C9-B8EC-943FEE010754}"
EndProject
Global
	GlobalSection(SolutionConfigurationPlatforms) = preSolution
		Debug|Any CPU = Debug|Any CPU
		Release|Any CPU = Release|Any CPU
	EndGlobalSection
	GlobalSection(ProjectConfigurationPlatforms) = postSolution
		{BE39E5A4-BC6E-4517-9E7A-EF91260AE6EE}.Debug|Any CPU.ActiveCfg = Debug|Any CPU
		{BE39E5A4-BC6E-4517-9E7A-EF91260AE6EE}.Debug|Any CPU.Build.0 = Debug|Any CPU
		{BE39E5A4-BC6E-4517-9E7A-EF91260AE6EE}.Release|Any CPU.ActiveCfg = Release|Any CPU
		{BE39E5A4-BC6E-4517-9E7A-EF91260AE6EE}.Release|Any CPU.Build.0 = Release|Any CPU
		{0CFC2C0D-7A28-4BCE-80A1-55FB7E445B7A}.Debug|Any CPU.ActiveCfg = Debug|Any CPU
		{0CFC2C0D-7A28-4BCE-80A1-55FB7E445B7A}.Debug|Any CPU.Build.0 = Debug|Any CPU
		{0CFC2C0D-7A28-4BCE-80A1-55FB7E445B7A}.Release|Any CPU.ActiveCfg = Release|Any CPU
		{0CFC2C0D-7A28-4BCE-80A1-55FB7E445B7A}.Release|Any CPU.Build.0 = Release|Any CPU
		{F5E30548-B6BF-42B2-B46D-C4D0CE120161}.Debug|Any CPU.ActiveCfg = Debug|Any CPU
		{F5E30548-B6BF-42B2-B46D-C4D0CE120161}.Debug|Any CPU.Build.0 = Debug|Any CPU
		{F5E30548-B6BF-42B2-B46D-C4D0CE120161}.Release|Any CPU.ActiveCfg = Release|Any CPU
		{F5E30548-B6BF-42B2-B46D-C4D0CE120161}.Release|Any CPU.Build.0 = Release|Any CPU
		{F43EB927-CB41-4FAC-8D14-38AE0F48B711}.Debug|Any CPU.ActiveCfg = Debug|Any CPU
		{F43EB927-CB41-4FAC-8D14-38AE0F48B711}.Debug|Any CPU.Build.0 = Debug|Any CPU
		{F43EB927-CB41-4FAC-8D14-38AE0F48B711}.Release|Any CPU.ActiveCfg = Release|Any CPU
		{F43EB927-CB41-4FAC-8D14-38AE0F48B711}.Release|Any CPU.Build.0 = Release|Any CPU
		{106101A7-763E-48B0-81BE-65B4B6D5EA65}.Debug|Any CPU.ActiveCfg = Debug|Any CPU
		{106101A7-763E-48B0-81BE-65B4B6D5EA65}.Debug|Any CPU.Build.0 = Debug|Any CPU
		{106101A7-763E-48B0-81BE-65B4B6D5EA65}.Release|Any CPU.ActiveCfg = Release|Any CPU
		{106101A7-763E-48B0-81BE-65B4B6D5EA65}.Release|Any CPU.Build.0 = Release|Any CPU
		{C0742921-6EEC-4CBD-A966-9E7BB5C1A8F4}.Debug|Any CPU.ActiveCfg = Debug|Any CPU
		{C0742921-6EEC-4CBD-A966-9E7BB5C1A8F4}.Debug|Any CPU.Build.0 = Debug|Any CPU
		{C0742921-6EEC-4CBD-A966-9E7BB5C1A8F4}.Release|Any CPU.ActiveCfg = Release|Any CPU
		{C0742921-6EEC-4CBD-A966-9E7BB5C1A8F4}.Release|Any CPU.Build.0 = Release|Any CPU
		{9F2F46F4-19E4-49C9-B8EC-943FEE010754}.Debug|Any CPU.ActiveCfg = Debug|Any CPU
		{9F2F46F4-19E4-49C9-B8EC-943FEE010754}.Debug|Any CPU.Build.0 = Debug|Any CPU
		{9F2F46F4-19E4-49C9-B8EC-943FEE010754}.Release|Any CPU.ActiveCfg = Release|Any CPU
		{9F2F46F4-19E4-49C9-B8EC-943FEE010754}.Release|Any CPU.Build.0 = Release|Any CPU
	EndGlobalSection
EndGlobal
